
Microsoft Visual Studio Solution File, Format Version 12.00
# Visual Studio 15
VisualStudioVersion = 15.0.28010.2046
MinimumVisualStudioVersion = 10.0.40219.1
Project("{FAE04EC0-301F-11D3-BF4B-00C04F79EFBC}") = "AppMarol.Android", "AppMarol\AppMarol.Android\AppMarol.Android.csproj", "{3C8C9B05-C432-4119-9A85-16D7A539625D}"
EndProject
Project("{FAE04EC0-301F-11D3-BF4B-00C04F79EFBC}") = "AppMarol.iOS", "AppMarol\AppMarol.iOS\AppMarol.iOS.csproj", "{019FA922-8571-48BF-8FAF-1FC495577BCD}"
EndProject
Project("{FAE04EC0-301F-11D3-BF4B-00C04F79EFBC}") = "AppMarol", "AppMarol\AppMarol\AppMarol.csproj", "{02DE121F-A7FD-475E-82C5-5AF0532B27C3}"
EndProject
Global
	GlobalSection(SolutionConfigurationPlatforms) = preSolution
		Ad-Hoc|Any CPU = Ad-Hoc|Any CPU
		Ad-Hoc|iPhone = Ad-Hoc|iPhone
		Ad-Hoc|iPhoneSimulator = Ad-Hoc|iPhoneSimulator
		AppStore|Any CPU = AppStore|Any CPU
		AppStore|iPhone = AppStore|iPhone
		AppStore|iPhoneSimulator = AppStore|iPhoneSimulator
		Debug|Any CPU = Debug|Any CPU
		Debug|iPhone = Debug|iPhone
		Debug|iPhoneSimulator = Debug|iPhoneSimulator
		Release|Any CPU = Release|Any CPU
		Release|iPhone = Release|iPhone
		Release|iPhoneSimulator = Release|iPhoneSimulator
	EndGlobalSection
	GlobalSection(ProjectConfigurationPlatforms) = postSolution
		{3C8C9B05-C432-4119-9A85-16D7A539625D}.Ad-Hoc|Any CPU.ActiveCfg = Release|Any CPU
		{3C8C9B05-C432-4119-9A85-16D7A539625D}.Ad-Hoc|Any CPU.Build.0 = Release|Any CPU
		{3C8C9B05-C432-4119-9A85-16D7A539625D}.Ad-Hoc|Any CPU.Deploy.0 = Release|Any CPU
		{3C8C9B05-C432-4119-9A85-16D7A539625D}.Ad-Hoc|iPhone.ActiveCfg = Release|Any CPU
		{3C8C9B05-C432-4119-9A85-16D7A539625D}.Ad-Hoc|iPhone.Build.0 = Release|Any CPU
		{3C8C9B05-C432-4119-9A85-16D7A539625D}.Ad-Hoc|iPhone.Deploy.0 = Release|Any CPU
		{3C8C9B05-C432-4119-9A85-16D7A539625D}.Ad-Hoc|iPhoneSimulator.ActiveCfg = Release|Any CPU
		{3C8C9B05-C432-4119-9A85-16D7A539625D}.Ad-Hoc|iPhoneSimulator.Build.0 = Release|Any CPU
		{3C8C9B05-C432-4119-9A85-16D7A539625D}.Ad-Hoc|iPhoneSimulator.Deploy.0 = Release|Any CPU
		{3C8C9B05-C432-4119-9A85-16D7A539625D}.AppStore|Any CPU.ActiveCfg = Release|Any CPU
		{3C8C9B05-C432-4119-9A85-16D7A539625D}.AppStore|Any CPU.Build.0 = Release|Any CPU
		{3C8C9B05-C432-4119-9A85-16D7A539625D}.AppStore|Any CPU.Deploy.0 = Release|Any CPU
		{3C8C9B05-C432-4119-9A85-16D7A539625D}.AppStore|iPhone.ActiveCfg = Release|Any CPU
		{3C8C9B05-C432-4119-9A85-16D7A539625D}.AppStore|iPhone.Build.0 = Release|Any CPU
		{3C8C9B05-C432-4119-9A85-16D7A539625D}.AppStore|iPhone.Deploy.0 = Release|Any CPU
		{3C8C9B05-C432-4119-9A85-16D7A539625D}.AppStore|iPhoneSimulator.ActiveCfg = Release|Any CPU
		{3C8C9B05-C432-4119-9A85-16D7A539625D}.AppStore|iPhoneSimulator.Build.0 = Release|Any CPU
		{3C8C9B05-C432-4119-9A85-16D7A539625D}.AppStore|iPhoneSimulator.Deploy.0 = Release|Any CPU
		{3C8C9B05-C432-4119-9A85-16D7A539625D}.Debug|Any CPU.ActiveCfg = Debug|Any CPU
		{3C8C9B05-C432-4119-9A85-16D7A539625D}.Debug|Any CPU.Build.0 = Debug|Any CPU
		{3C8C9B05-C432-4119-9A85-16D7A539625D}.Debug|Any CPU.Deploy.0 = Debug|Any CPU
		{3C8C9B05-C432-4119-9A85-16D7A539625D}.Debug|iPhone.ActiveCfg = Debug|Any CPU
		{3C8C9B05-C432-4119-9A85-16D7A539625D}.Debug|iPhone.Build.0 = Debug|Any CPU
		{3C8C9B05-C432-4119-9A85-16D7A539625D}.Debug|iPhone.Deploy.0 = Debug|Any CPU
		{3C8C9B05-C432-4119-9A85-16D7A539625D}.Debug|iPhoneSimulator.ActiveCfg = Debug|Any CPU
		{3C8C9B05-C432-4119-9A85-16D7A539625D}.Debug|iPhoneSimulator.Build.0 = Debug|Any CPU
		{3C8C9B05-C432-4119-9A85-16D7A539625D}.Debug|iPhoneSimulator.Deploy.0 = Debug|Any CPU
		{3C8C9B05-C432-4119-9A85-16D7A539625D}.Release|Any CPU.ActiveCfg = Release|Any CPU
		{3C8C9B05-C432-4119-9A85-16D7A539625D}.Release|Any CPU.Build.0 = Release|Any CPU
		{3C8C9B05-C432-4119-9A85-16D7A539625D}.Release|Any CPU.Deploy.0 = Release|Any CPU
		{3C8C9B05-C432-4119-9A85-16D7A539625D}.Release|iPhone.ActiveCfg = Release|Any CPU
		{3C8C9B05-C432-4119-9A85-16D7A539625D}.Release|iPhone.Build.0 = Release|Any CPU
		{3C8C9B05-C432-4119-9A85-16D7A539625D}.Release|iPhone.Deploy.0 = Release|Any CPU
		{3C8C9B05-C432-4119-9A85-16D7A539625D}.Release|iPhoneSimulator.ActiveCfg = Release|Any CPU
		{3C8C9B05-C432-4119-9A85-16D7A539625D}.Release|iPhoneSimulator.Build.0 = Release|Any CPU
		{3C8C9B05-C432-4119-9A85-16D7A539625D}.Release|iPhoneSimulator.Deploy.0 = Release|Any CPU
		{019FA922-8571-48BF-8FAF-1FC495577BCD}.Ad-Hoc|Any CPU.ActiveCfg = Ad-Hoc|iPhone
		{019FA922-8571-48BF-8FAF-1FC495577BCD}.Ad-Hoc|Any CPU.Build.0 = Ad-Hoc|iPhone
		{019FA922-8571-48BF-8FAF-1FC495577BCD}.Ad-Hoc|Any CPU.Deploy.0 = Ad-Hoc|iPhone
		{019FA922-8571-48BF-8FAF-1FC495577BCD}.Ad-Hoc|iPhone.ActiveCfg = Ad-Hoc|iPhone
		{019FA922-8571-48BF-8FAF-1FC495577BCD}.Ad-Hoc|iPhone.Build.0 = Ad-Hoc|iPhone
		{019FA922-8571-48BF-8FAF-1FC495577BCD}.Ad-Hoc|iPhone.Deploy.0 = Ad-Hoc|iPhone
		{019FA922-8571-48BF-8FAF-1FC495577BCD}.Ad-Hoc|iPhoneSimulator.ActiveCfg = Ad-Hoc|iPhoneSimulator
		{019FA922-8571-48BF-8FAF-1FC495577BCD}.Ad-Hoc|iPhoneSimulator.Build.0 = Ad-Hoc|iPhoneSimulator
		{019FA922-8571-48BF-8FAF-1FC495577BCD}.Ad-Hoc|iPhoneSimulator.Deploy.0 = Ad-Hoc|iPhoneSimulator
		{019FA922-8571-48BF-8FAF-1FC495577BCD}.AppStore|Any CPU.ActiveCfg = AppStore|iPhone
		{019FA922-8571-48BF-8FAF-1FC495577BCD}.AppStore|Any CPU.Build.0 = AppStore|iPhone
		{019FA922-8571-48BF-8FAF-1FC495577BCD}.AppStore|Any CPU.Deploy.0 = AppStore|iPhone
		{019FA922-8571-48BF-8FAF-1FC495577BCD}.AppStore|iPhone.ActiveCfg = AppStore|iPhone
		{019FA922-8571-48BF-8FAF-1FC495577BCD}.AppStore|iPhone.Build.0 = AppStore|iPhone
		{019FA922-8571-48BF-8FAF-1FC495577BCD}.AppStore|iPhone.Deploy.0 = AppStore|iPhone
		{019FA922-8571-48BF-8FAF-1FC495577BCD}.AppStore|iPhoneSimulator.ActiveCfg = AppStore|iPhoneSimulator
		{019FA922-8571-48BF-8FAF-1FC495577BCD}.AppStore|iPhoneSimulator.Build.0 = AppStore|iPhoneSimulator
		{019FA922-8571-48BF-8FAF-1FC495577BCD}.AppStore|iPhoneSimulator.Deploy.0 = AppStore|iPhoneSimulator
		{019FA922-8571-48BF-8FAF-1FC495577BCD}.Debug|Any CPU.ActiveCfg = Debug|iPhoneSimulator
		{019FA922-8571-48BF-8FAF-1FC495577BCD}.Debug|Any CPU.Build.0 = Debug|iPhoneSimulator
		{019FA922-8571-48BF-8FAF-1FC495577BCD}.Debug|Any CPU.Deploy.0 = Debug|iPhoneSimulator
		{019FA922-8571-48BF-8FAF-1FC495577BCD}.Debug|iPhone.ActiveCfg = Debug|iPhone
		{019FA922-8571-48BF-8FAF-1FC495577BCD}.Debug|iPhone.Build.0 = Debug|iPhone
		{019FA922-8571-48BF-8FAF-1FC495577BCD}.Debug|iPhone.Deploy.0 = Debug|iPhone
		{019FA922-8571-48BF-8FAF-1FC495577BCD}.Debug|iPhoneSimulator.ActiveCfg = Debug|iPhoneSimulator
		{019FA922-8571-48BF-8FAF-1FC495577BCD}.Debug|iPhoneSimulator.Build.0 = Debug|iPhoneSimulator
		{019FA922-8571-48BF-8FAF-1FC495577BCD}.Debug|iPhoneSimulator.Deploy.0 = Debug|iPhoneSimulator
		{019FA922-8571-48BF-8FAF-1FC495577BCD}.Release|Any CPU.ActiveCfg = Release|iPhone
		{019FA922-8571-48BF-8FAF-1FC495577BCD}.Release|Any CPU.Build.0 = Release|iPhone
		{019FA922-8571-48BF-8FAF-1FC495577BCD}.Release|Any CPU.Deploy.0 = Release|iPhone
		{019FA922-8571-48BF-8FAF-1FC495577BCD}.Release|iPhone.ActiveCfg = Release|iPhone
		{019FA922-8571-48BF-8FAF-1FC495577BCD}.Release|iPhone.Build.0 = Release|iPhone
		{019FA922-8571-48BF-8FAF-1FC495577BCD}.Release|iPhone.Deploy.0 = Release|iPhone
		{019FA922-8571-48BF-8FAF-1FC495577BCD}.Release|iPhoneSimulator.ActiveCfg = Release|iPhoneSimulator
		{019FA922-8571-48BF-8FAF-1FC495577BCD}.Release|iPhoneSimulator.Build.0 = Release|iPhoneSimulator
		{019FA922-8571-48BF-8FAF-1FC495577BCD}.Release|iPhoneSimulator.Deploy.0 = Release|iPhoneSimulator
		{02DE121F-A7FD-475E-82C5-5AF0532B27C3}.Ad-Hoc|Any CPU.ActiveCfg = Debug|Any CPU
		{02DE121F-A7FD-475E-82C5-5AF0532B27C3}.Ad-Hoc|Any CPU.Build.0 = Debug|Any CPU
		{02DE121F-A7FD-475E-82C5-5AF0532B27C3}.Ad-Hoc|Any CPU.Deploy.0 = Debug|Any CPU
		{02DE121F-A7FD-475E-82C5-5AF0532B27C3}.Ad-Hoc|iPhone.ActiveCfg = Debug|Any CPU
		{02DE121F-A7FD-475E-82C5-5AF0532B27C3}.Ad-Hoc|iPhone.Build.0 = Debug|Any CPU
		{02DE121F-A7FD-475E-82C5-5AF0532B27C3}.Ad-Hoc|iPhone.Deploy.0 = Debug|Any CPU
		{02DE121F-A7FD-475E-82C5-5AF0532B27C3}.Ad-Hoc|iPhoneSimulator.ActiveCfg = Debug|Any CPU
		{02DE121F-A7FD-475E-82C5-5AF0532B27C3}.Ad-Hoc|iPhoneSimulator.Build.0 = Debug|Any CPU
		{02DE121F-A7FD-475E-82C5-5AF0532B27C3}.Ad-Hoc|iPhoneSimulator.Deploy.0 = Debug|Any CPU
		{02DE121F-A7FD-475E-82C5-5AF0532B27C3}.AppStore|Any CPU.ActiveCfg = Debug|Any CPU
		{02DE121F-A7FD-475E-82C5-5AF0532B27C3}.AppStore|Any CPU.Build.0 = Debug|Any CPU
		{02DE121F-A7FD-475E-82C5-5AF0532B27C3}.AppStore|Any CPU.Deploy.0 = Debug|Any CPU
		{02DE121F-A7FD-475E-82C5-5AF0532B27C3}.AppStore|iPhone.ActiveCfg = Debug|Any CPU
		{02DE121F-A7FD-475E-82C5-5AF0532B27C3}.AppStore|iPhone.Build.0 = Debug|Any CPU
		{02DE121F-A7FD-475E-82C5-5AF0532B27C3}.AppStore|iPhone.Deploy.0 = Debug|Any CPU
		{02DE121F-A7FD-475E-82C5-5AF0532B27C3}.AppStore|iPhoneSimulator.ActiveCfg = Debug|Any CPU
		{02DE121F-A7FD-475E-82C5-5AF0532B27C3}.AppStore|iPhoneSimulator.Build.0 = Debug|Any CPU
		{02DE121F-A7FD-475E-82C5-5AF0532B27C3}.AppStore|iPhoneSimulator.Deploy.0 = Debug|Any CPU
		{02DE121F-A7FD-475E-82C5-5AF0532B27C3}.Debug|Any CPU.ActiveCfg = Debug|Any CPU
		{02DE121F-A7FD-475E-82C5-5AF0532B27C3}.Debug|Any CPU.Build.0 = Debug|Any CPU
		{02DE121F-A7FD-475E-82C5-5AF0532B27C3}.Debug|Any CPU.Deploy.0 = Debug|Any CPU
		{02DE121F-A7FD-475E-82C5-5AF0532B27C3}.Debug|iPhone.ActiveCfg = Debug|Any CPU
		{02DE121F-A7FD-475E-82C5-5AF0532B27C3}.Debug|iPhone.Build.0 = Debug|Any CPU
		{02DE121F-A7FD-475E-82C5-5AF0532B27C3}.Debug|iPhone.Deploy.0 = Debug|Any CPU
		{02DE121F-A7FD-475E-82C5-5AF0532B27C3}.Debug|iPhoneSimulator.ActiveCfg = Debug|Any CPU
		{02DE121F-A7FD-475E-82C5-5AF0532B27C3}.Debug|iPhoneSimulator.Build.0 = Debug|Any CPU
		{02DE121F-A7FD-475E-82C5-5AF0532B27C3}.Debug|iPhoneSimulator.Deploy.0 = Debug|Any CPU
		{02DE121F-A7FD-475E-82C5-5AF0532B27C3}.Release|Any CPU.ActiveCfg = Release|Any CPU
		{02DE121F-A7FD-475E-82C5-5AF0532B27C3}.Release|Any CPU.Build.0 = Release|Any CPU
		{02DE121F-A7FD-475E-82C5-5AF0532B27C3}.Release|Any CPU.Deploy.0 = Release|Any CPU
		{02DE121F-A7FD-475E-82C5-5AF0532B27C3}.Release|iPhone.ActiveCfg = Release|Any CPU
		{02DE121F-A7FD-475E-82C5-5AF0532B27C3}.Release|iPhone.Build.0 = Release|Any CPU
		{02DE121F-A7FD-475E-82C5-5AF0532B27C3}.Release|iPhone.Deploy.0 = Release|Any CPU
		{02DE121F-A7FD-475E-82C5-5AF0532B27C3}.Release|iPhoneSimulator.ActiveCfg = Release|Any CPU
		{02DE121F-A7FD-475E-82C5-5AF0532B27C3}.Release|iPhoneSimulator.Build.0 = Release|Any CPU
		{02DE121F-A7FD-475E-82C5-5AF0532B27C3}.Release|iPhoneSimulator.Deploy.0 = Release|Any CPU
	EndGlobalSection
	GlobalSection(SolutionProperties) = preSolution
		HideSolutionNode = FALSE
	EndGlobalSection
	GlobalSection(ExtensibilityGlobals) = postSolution
		SolutionGuid = {702C8A3D-7806-4585-9170-B5594ABB9AC8}
	EndGlobalSection
EndGlobal
